
Microsoft Visual Studio Solution File, Format Version 12.00
# Visual Studio Version 17
VisualStudioVersion = 17.4.33110.190
MinimumVisualStudioVersion = 10.0.40219.1
Project("{FAE04EC0-301F-11D3-BF4B-00C04F79EFBC}") = "MagicVilla_villaAPI", "MagicVilla_villaAPI\MagicVilla_villaAPI.csproj", "{903FFD1D-D912-4FB4-82E9-887E22A4C23E}"
EndProject
Global
	GlobalSection(SolutionConfigurationPlatforms) = preSolution
		Debug|Any CPU = Debug|Any CPU
		Release|Any CPU = Release|Any CPU
	EndGlobalSection
	GlobalSection(ProjectConfigurationPlatforms) = postSolution
		{903FFD1D-D912-4FB4-82E9-887E22A4C23E}.Debug|Any CPU.ActiveCfg = Debug|Any CPU
		{903FFD1D-D912-4FB4-82E9-887E22A4C23E}.Debug|Any CPU.Build.0 = Debug|Any CPU
		{903FFD1D-D912-4FB4-82E9-887E22A4C23E}.Release|Any CPU.ActiveCfg = Release|Any CPU
		{903FFD1D-D912-4FB4-82E9-887E22A4C23E}.Release|Any CPU.Build.0 = Release|Any CPU
	EndGlobalSection
	GlobalSection(SolutionProperties) = preSolution
		HideSolutionNode = FALSE
	EndGlobalSection
	GlobalSection(ExtensibilityGlobals) = postSolution
		SolutionGuid = {926DD98E-E7EE-4A11-B7BC-7583154D66C1}
	EndGlobalSection
EndGlobal
